{"format_version":"1.0","provider_schemas":{"registry.terraform.io/conductorone/conductorone":{"provider":{"version":0,"block":{"attributes":{"client_id":{"type":"string","description":"ClientId for Auth","description_kind":"markdown","required":true},"client_secret":{"type":"string","description":"ClientSecret for Auth","description_kind":"markdown","required":true},"server_url":{"type":"string","description":"Server URL (defaults to https://{tenantDomain}.conductor.one)","description_kind":"markdown","optional":true}},"description":"ConductorOne API: The ConductorOne API is a HTTP API for managing ConductorOne resources.","description_kind":"plain"}},"resource_schemas":{"conductorone_app":{"version":0,"block":{"attributes":{"app_account_id":{"type":"string","description":"The appAccountId field.","description_kind":"plain","computed":true},"app_account_name":{"type":"string","description":"The appAccountName field.","description_kind":"plain","computed":true},"certify_policy_id":{"type":"string","description":"The certifyPolicyId is the ID of the policy that will be used for access review certify tasks.","description_kind":"plain","optional":true,"computed":true},"created_at":{"type":"string","description_kind":"plain","computed":true},"deleted_at":{"type":"string","description_kind":"plain","computed":true},"description":{"type":"string","description":"The description field.","description_kind":"plain","optional":true,"computed":true},"display_name":{"type":"string","description":"The displayName field.","description_kind":"plain","required":true},"field_mask":{"type":"string","description_kind":"plain","computed":true},"grant_policy_id":{"type":"string","description":"The grantPolicyId field is the policy that will be used for access request grant tasks.","description_kind":"plain","optional":true,"computed":true},"icon_url":{"type":"string","description":"The iconUrl field.","description_kind":"plain","computed":true},"id":{"type":"string","description":"The id field.","description_kind":"plain","computed":true},"logo_uri":{"type":"string","description":"The logoUri field.","description_kind":"plain","computed":true},"monthly_cost_usd":{"type":"number","description":"The monthlyCostUsd field is the monthly cost per seat for the given app.","description_kind":"plain","optional":true,"computed":true},"owners":{"type":["list","string"],"description":"The owners field is a list of user IDs indicating the app owners.","description_kind":"plain","optional":true,"computed":true},"parent_app_id":{"type":"string","description":"The parentAppId field is the ID of the parent app if one exists.","description_kind":"plain","computed":true},"revoke_policy_id":{"type":"string","description":"The revokePolicyId is the ID of the policy that will be used for revoke access tasks.","description_kind":"plain","optional":true,"computed":true},"updated_at":{"type":"string","description_kind":"plain","computed":true},"user_count":{"type":"string","description":"The userCount field is the number of app users that are associated with the app.","description_kind":"plain","computed":true}},"description":"App Resource","description_kind":"markdown"}},"conductorone_app_entitlement":{"version":0,"block":{"attributes":{"alias":{"type":"string","description":"The alias field.","description_kind":"plain","optional":true,"computed":true},"app_id":{"type":"string","description":"The appId field.","description_kind":"plain","required":true},"app_resource_id":{"type":"string","description":"The appResourceId field.","description_kind":"plain","computed":true},"app_resource_type_id":{"type":"string","description":"The appResourceTypeId field.","description_kind":"plain","computed":true},"certify_policy_id":{"type":"string","description":"The certifyPolicyId is the ID of the policy that will be used for access review certify tasks.","description_kind":"plain","optional":true,"computed":true},"compliance_framework_value_ids":{"type":["list","string"],"description":"ComplianceFrameworkValueIds is a list of ComplianceFramework attributes that are set on the app entitlement.","description_kind":"plain","optional":true,"computed":true},"created_at":{"type":"string","description_kind":"plain","computed":true},"deleted_at":{"type":"string","description_kind":"plain","computed":true},"description":{"type":"string","description":"The description field.","description_kind":"plain","optional":true,"computed":true},"display_name":{"type":"string","description":"The displayName field.","description_kind":"plain","optional":true,"computed":true},"emergency_grant_enabled":{"type":"bool","description":"The emergencyGrantEnabled field determines whether or not this entitlement has an emergency grant policy.","description_kind":"plain","optional":true,"computed":true},"emergency_grant_policy_id":{"type":"string","description":"The emergencyGrantPolicyId field is the ID of the grant policy that will be used for emergency grant tasks. \n\t\t\t\tTo set this field, emergencyGrantEnabled must be set to true.","description_kind":"plain","optional":true,"computed":true},"grant_policy_id":{"type":"string","description":"The grantPolicyId field is the policy that will be used for access request grant tasks.","description_kind":"plain","optional":true,"computed":true},"id":{"type":"string","description":"The id field.","description_kind":"plain","required":true},"max_grant_duration":{"nested_type":{"attributes":{"duration_grant":{"type":"string","description":"The DurationGrant field is a string attribute that represents the maximum duration a grant to this entitlement can last. \n\t\t\t\t\t\tThe format of this is \u003ctime in seconds\u003es. i.e. 1h = 3600s.","description_kind":"plain","optional":true},"duration_unset":{"nested_type":{"nesting_mode":"single"},"description":"The DurationUnset field is set if there is no maximum duration a grant to this entitlement can last.","description_kind":"plain","optional":true}},"nesting_mode":"single"},"description":"MaxGrantDuration is a one of.\nThis message contains a oneof. Only a single field of the following list may be set at a time:\n  - duration_unset\n  - duration_grant\n\n","description_kind":"markdown","optional":true},"provision_policy":{"nested_type":{"attributes":{"connector_provision":{"nested_type":{"nesting_mode":"single"},"description":"The ConnectorProvision message.","description_kind":"plain","optional":true},"delegated_provision":{"nested_type":{"attributes":{"app_id":{"type":"string","description":"The appId field.","description_kind":"plain","optional":true},"entitlement_id":{"type":"string","description":"The entitlementId field.","description_kind":"plain","optional":true}},"nesting_mode":"single"},"description":"The DelegatedProvision message.","description_kind":"plain","optional":true},"manual_provision":{"nested_type":{"attributes":{"instructions":{"type":"string","description":"The instructions field.","description_kind":"plain","optional":true},"user_ids":{"type":["list","string"],"description":"The userIds field.","description_kind":"plain","optional":true}},"nesting_mode":"single"},"description":"The ManualProvision message.","description_kind":"plain","optional":true}},"nesting_mode":"single"},"description":"The ProvisionPolicy message is the Provision strategy that will be used for granting access for this entitlement.\nThis message contains a oneof. Only a single field of the following list may be set at a time:\n  - connector\n  - manual\n  - delegated\n\n","description_kind":"markdown","optional":true},"revoke_policy_id":{"type":"string","description":"The revokePolicyId field is the ID of the policy that will be used for revoke access tasks.","description_kind":"plain","optional":true,"computed":true},"risk_level_value_id":{"type":"string","description":"The riskLevelValueId field is the ID of the risk level attribute value that will be set on the app entitlement.","description_kind":"plain","optional":true,"computed":true},"slug":{"type":"string","description":"The slug field.","description_kind":"plain","optional":true,"computed":true},"updated_at":{"type":"string","description_kind":"plain","computed":true}},"description":"AppEntitlement Resource","description_kind":"markdown"}},"conductorone_app_entitlement_owner":{"version":0,"block":{"attributes":{"app_id":{"type":"string","description_kind":"plain","required":true},"entitlement_id":{"type":"string","description_kind":"plain","required":true},"user_ids":{"type":["list","string"],"description":"The user_ids field for the users to set as an owner of the app entitlement.","description_kind":"plain","required":true}},"description":"AppEntitlementOwner Resource","description_kind":"markdown"}},"conductorone_catalog":{"version":0,"block":{"attributes":{"access_entitlements":{"nested_type":{"attributes":{"alias":{"type":"string","description":"The alias field.","description_kind":"plain","computed":true},"app_id":{"type":"string","description":"The appId field.","description_kind":"plain","computed":true},"app_resource_id":{"type":"string","description":"The appResourceId field.","description_kind":"plain","computed":true},"app_resource_type_id":{"type":"string","description":"The appResourceTypeId field.","description_kind":"plain","computed":true},"certify_policy_id":{"type":"string","description":"The certifyPolicyId field.","description_kind":"plain","computed":true},"compliance_framework_value_ids":{"type":["list","string"],"description":"The complianceFrameworkValueIds field.","description_kind":"plain","computed":true},"created_at":{"type":"string","description_kind":"plain","computed":true},"deleted_at":{"type":"string","description_kind":"plain","computed":true},"description":{"type":"string","description":"The description field.","description_kind":"plain","computed":true},"display_name":{"type":"string","description":"The displayName field.","description_kind":"plain","computed":true},"duration_grant":{"type":"string","description_kind":"plain","computed":true},"duration_unset":{"nested_type":{"nesting_mode":"single"},"description_kind":"plain","computed":true},"emergency_grant_enabled":{"type":"bool","description":"The emergencyGrantEnabled field.","description_kind":"plain","computed":true},"emergency_grant_policy_id":{"type":"string","description":"The emergencyGrantPolicyId field.","description_kind":"plain","computed":true},"grant_count":{"type":"string","description":"The grantCount field.","description_kind":"plain","computed":true},"grant_policy_id":{"type":"string","description":"The grantPolicyId field.","description_kind":"plain","computed":true},"id":{"type":"string","description":"The id field.","description_kind":"plain","computed":true},"provision_policy":{"nested_type":{"attributes":{"connector_provision":{"nested_type":{"nesting_mode":"single"},"description":"The ConnectorProvision message.","description_kind":"plain","computed":true},"delegated_provision":{"nested_type":{"attributes":{"app_id":{"type":"string","description":"The appId field.","description_kind":"plain","computed":true},"entitlement_id":{"type":"string","description":"The entitlementId field.","description_kind":"plain","computed":true}},"nesting_mode":"single"},"description":"The DelegatedProvision message.","description_kind":"plain","computed":true},"manual_provision":{"nested_type":{"attributes":{"instructions":{"type":"string","description":"The instructions field.","description_kind":"plain","computed":true},"user_ids":{"type":["list","string"],"description":"The userIds field.","description_kind":"plain","computed":true}},"nesting_mode":"single"},"description":"The ManualProvision message.","description_kind":"plain","computed":true}},"nesting_mode":"single"},"description":"The ProvisionPolicy message.\nThis message contains a oneof. Only a single field of the following list may be set at a time:\n  - connector\n  - manual\n  - delegated\n\n","description_kind":"markdown","computed":true},"revoke_policy_id":{"type":"string","description":"The revokePolicyId field.","description_kind":"plain","computed":true},"risk_level_value_id":{"type":"string","description":"The riskLevelValueId field.","description_kind":"plain","computed":true},"slug":{"type":"string","description":"The slug field.","description_kind":"plain","computed":true},"system_builtin":{"type":"bool","description":"The systemBuiltin field.","description_kind":"plain","computed":true},"updated_at":{"type":"string","description_kind":"plain","computed":true}},"nesting_mode":"list"},"description":"The accessEntitlements field.","description_kind":"plain","computed":true},"access_entitlements_path":{"type":"string","description":"The accessEntitlementsPath field.","description_kind":"plain","computed":true},"app_ids":{"type":["list","string"],"description":"The appIds field.","description_kind":"plain","computed":true},"app_paths":{"type":"string","description":"The appPaths field.","description_kind":"plain","computed":true},"created_at":{"type":"string","description_kind":"plain","computed":true},"created_by_user_id":{"type":"string","description":"The createdByUserId field.","description_kind":"plain","computed":true},"created_by_user_path":{"type":"string","description":"The createdByUserPath field.","description_kind":"plain","computed":true},"deleted_at":{"type":"string","description_kind":"plain","computed":true},"description":{"type":"string","description":"The description field.","description_kind":"plain","optional":true,"computed":true},"display_name":{"type":"string","description":"The displayName field.","description_kind":"plain","required":true},"expanded":{"nested_type":{"attributes":{"at_type":{"type":"string","description":"The type of the serialized message.","description_kind":"plain","computed":true}},"nesting_mode":"list"},"description":"The expanded field.","description_kind":"plain","computed":true},"id":{"type":"string","description":"The id field.","description_kind":"plain","computed":true},"published":{"type":"bool","description":"The published field is used to determine if the catalog is active and visible to users.","description_kind":"plain","optional":true,"computed":true},"request_catalog_expand_mask":{"nested_type":{"attributes":{"paths":{"type":["list","string"],"description":"The paths field.","description_kind":"plain","computed":true}},"nesting_mode":"single"},"description":"The RequestCatalogExpandMask message.","description_kind":"plain","computed":true},"updated_at":{"type":"string","description_kind":"plain","computed":true},"visible_to_everyone":{"type":"bool","description":"The visibleToEveryone field is used to determine if this catalog should be visible to all users.","description_kind":"plain","optional":true,"computed":true}},"description":"Catalog Resource","description_kind":"markdown"}},"conductorone_catalog_requestable_entries":{"version":0,"block":{"attributes":{"app_entitlements":{"nested_type":{"attributes":{"app_id":{"type":"string","description":"The appId field.","description_kind":"plain","required":true},"id":{"type":"string","description":"The id field.","description_kind":"plain","required":true}},"nesting_mode":"list"},"description":"The appEntitlements field.","description_kind":"plain","required":true},"catalog_id":{"type":"string","description_kind":"plain","required":true}},"description":"CatalogRequestableEntries Resource","description_kind":"markdown"}},"conductorone_catalog_visibility_bindings":{"version":0,"block":{"attributes":{"access_entitlements":{"nested_type":{"attributes":{"app_id":{"type":"string","description":"The appId field.","description_kind":"plain","required":true},"id":{"type":"string","description":"The id field.","description_kind":"plain","required":true}},"nesting_mode":"list"},"description":"The accessEntitlements field.","description_kind":"plain","required":true},"catalog_id":{"type":"string","description_kind":"plain","required":true}},"description":"CatalogVisibilityBindings Resource","description_kind":"markdown"}},"conductorone_compliance_framework":{"version":0,"block":{"attributes":{"attribute_type_id":{"type":"string","description":"The attributeTypeId field.","description_kind":"plain","computed":true},"created_at":{"type":"string","description_kind":"plain","computed":true},"deleted_at":{"type":"string","description_kind":"plain","computed":true},"id":{"type":"string","description":"The id field.","description_kind":"plain","computed":true},"updated_at":{"type":"string","description_kind":"plain","computed":true},"value":{"type":"string","description":"The value field is the value of the attribute. In this case it is the name of the Compliance Framework (e.g. SOC2, HIPAA, etc.).","description_kind":"plain","optional":true,"computed":true}},"description":"Compliance Framework Resource","description_kind":"markdown"}},"conductorone_connector_credential":{"version":0,"block":{"attributes":{"app_id":{"type":"string","description":"The appId field.","description_kind":"plain","required":true},"client_id":{"type":"string","description":"The clientId field.","description_kind":"plain","computed":true},"client_secret":{"type":"string","description":"The clientSecret field.","description_kind":"plain","optional":true,"computed":true,"sensitive":true},"connector_id":{"type":"string","description":"The connectorId field.","description_kind":"plain","required":true},"connector_service_rotate_credential_request":{"nested_type":{"nesting_mode":"single"},"description":"The ConnectorServiceRotateCredentialRequest message.","description_kind":"plain","optional":true},"created_at":{"type":"string","description_kind":"plain","computed":true},"deleted_at":{"type":"string","description_kind":"plain","computed":true},"display_name":{"type":"string","description":"The displayName field.","description_kind":"plain","computed":true},"expires_time":{"type":"string","description_kind":"plain","computed":true},"id":{"type":"string","description":"The id field.","description_kind":"plain","computed":true},"last_used_at":{"type":"string","description_kind":"plain","computed":true},"updated_at":{"type":"string","description_kind":"plain","computed":true}},"description":"ConnectorCredential Resource","description_kind":"markdown"}},"conductorone_integration_asana":{"version":0,"block":{"attributes":{"app_id":{"type":"string","description":"The ID for the Application that this integration should connected to.","description_kind":"plain","required":true},"asana_api_key":{"type":"string","description":"Asana personal access token","description_kind":"plain","optional":true,"sensitive":true},"created_at":{"type":"string","description":"The time this integration was created.","description_kind":"plain","computed":true},"deleted_at":{"type":"string","description":"The time this integration was deleted.","description_kind":"plain","computed":true},"id":{"type":"string","description":"The ID of this integration.","description_kind":"plain","computed":true},"updated_at":{"type":"string","description":"The time this integration was last updated.","description_kind":"plain","computed":true},"user_ids":{"type":["list","string"],"description":"A list of user IDs of who owns this integration. It defaults to the user who created the integration.","description_kind":"plain","optional":true,"computed":true}},"description":"Asana Integration Resource","description_kind":"markdown"}},"conductorone_integration_aws":{"version":0,"block":{"attributes":{"app_id":{"type":"string","description":"The ID for the Application that this integration should connected to.","description_kind":"plain","required":true},"aws_external_id":{"type":"string","description":"External ID","description_kind":"plain","computed":true},"aws_orgs_enable":{"type":"bool","description":"Enable support for AWS Organizations","description_kind":"plain","optional":true},"aws_role_arn":{"type":"string","description":"Role ARN","description_kind":"plain","optional":true},"aws_sso_enable":{"type":"bool","description":"Enable support for AWS IAM Identity Center (successor to AWS Single Sign-On)","description_kind":"plain","optional":true},"aws_sso_region":{"type":"string","description":"Region for AWS IAM Identity Center (successor to AWS Single Sign-On)","description_kind":"plain","optional":true},"aws_sso_scim_access_token":{"type":"string","description":"SCIM access token for AWS IAM Identity Center (successor to AWS Single Sign-On)","description_kind":"plain","optional":true,"sensitive":true},"aws_sso_scim_enable":{"type":"bool","description":"Enable usage of the AWS IAM Identity Center SCIM API (successor to AWS Single Sign-On)","description_kind":"plain","optional":true},"aws_sso_scim_endpoint":{"type":"string","description":"SCIM endpoint for AWS IAM Identity Center (successor to AWS Single Sign-On)","description_kind":"plain","optional":true},"created_at":{"type":"string","description":"The time this integration was created.","description_kind":"plain","computed":true},"deleted_at":{"type":"string","description":"The time this integration was deleted.","description_kind":"plain","computed":true},"id":{"type":"string","description":"The ID of this integration.","description_kind":"plain","computed":true},"updated_at":{"type":"string","description":"The time this integration was last updated.","description_kind":"plain","computed":true},"user_ids":{"type":["list","string"],"description":"A list of user IDs of who owns this integration. It defaults to the user who created the integration.","description_kind":"plain","optional":true,"computed":true}},"description":"Aws Integration Resource","description_kind":"markdown"}},"conductorone_integration_azure_ad":{"version":0,"block":{"attributes":{"app_id":{"type":"string","description":"The ID for the Application that this integration should connected to.","description_kind":"plain","required":true},"created_at":{"type":"string","description":"The time this integration was created.","description_kind":"plain","computed":true},"deleted_at":{"type":"string","description":"The time this integration was deleted.","description_kind":"plain","computed":true},"id":{"type":"string","description":"The ID of this integration.","description_kind":"plain","computed":true},"updated_at":{"type":"string","description":"The time this integration was last updated.","description_kind":"plain","computed":true},"user_ids":{"type":["list","string"],"description":"A list of user IDs of who owns this integration. It defaults to the user who created the integration.","description_kind":"plain","optional":true,"computed":true}},"description":"Azure_ad Integration Resource","description_kind":"markdown"}},"conductorone_integration_bamboo_hr":{"version":0,"block":{"attributes":{"api_key":{"type":"string","description":"API Key","description_kind":"plain","optional":true,"sensitive":true},"app_id":{"type":"string","description":"The ID for the Application that this integration should connected to.","description_kind":"plain","required":true},"company_domain":{"type":"string","description":"Company Domain","description_kind":"plain","optional":true},"created_at":{"type":"string","description":"The time this integration was created.","description_kind":"plain","computed":true},"deleted_at":{"type":"string","description":"The time this integration was deleted.","description_kind":"plain","computed":true},"id":{"type":"string","description":"The ID of this integration.","description_kind":"plain","computed":true},"updated_at":{"type":"string","description":"The time this integration was last updated.","description_kind":"plain","computed":true},"user_ids":{"type":["list","string"],"description":"A list of user IDs of who owns this integration. It defaults to the user who created the integration.","description_kind":"plain","optional":true,"computed":true}},"description":"Bamboo_hr Integration Resource","description_kind":"markdown"}},"conductorone_integration_baton":{"version":0,"block":{"attributes":{"app_id":{"type":"string","description":"The appId field.","description_kind":"plain","required":true},"created_at":{"type":"string","description_kind":"plain","computed":true},"deleted_at":{"type":"string","description_kind":"plain","computed":true},"id":{"type":"string","description":"The id field.","description_kind":"plain","computed":true},"updated_at":{"type":"string","description_kind":"plain","computed":true},"user_ids":{"type":["list","string"],"description":"The userIds field.","description_kind":"plain","optional":true,"computed":true}},"description":"Connector Resource","description_kind":"markdown"}},"conductorone_integration_bitbucket":{"version":0,"block":{"attributes":{"app_id":{"type":"string","description":"The ID for the Application that this integration should connected to.","description_kind":"plain","required":true},"bitbucket_consumer_key":{"type":"string","description":"Consumer Key","description_kind":"plain","optional":true},"bitbucket_consumer_secret":{"type":"string","description":"Consumer Secret","description_kind":"plain","optional":true,"sensitive":true},"created_at":{"type":"string","description":"The time this integration was created.","description_kind":"plain","computed":true},"deleted_at":{"type":"string","description":"The time this integration was deleted.","description_kind":"plain","computed":true},"id":{"type":"string","description":"The ID of this integration.","description_kind":"plain","computed":true},"updated_at":{"type":"string","description":"The time this integration was last updated.","description_kind":"plain","computed":true},"user_ids":{"type":["list","string"],"description":"A list of user IDs of who owns this integration. It defaults to the user who created the integration.","description_kind":"plain","optional":true,"computed":true}},"description":"Bitbucket Integration Resource","description_kind":"markdown"}},"conductorone_integration_box":{"version":0,"block":{"attributes":{"app_id":{"type":"string","description":"The ID for the Application that this integration should connected to.","description_kind":"plain","required":true},"box_client_id":{"type":"string","description":"Client ID","description_kind":"plain","optional":true},"box_client_secret":{"type":"string","description":"Client Secret","description_kind":"plain","optional":true,"sensitive":true},"box_enterprise_id":{"type":"string","description":"Enterprise ID","description_kind":"plain","optional":true},"created_at":{"type":"string","description":"The time this integration was created.","description_kind":"plain","computed":true},"deleted_at":{"type":"string","description":"The time this integration was deleted.","description_kind":"plain","computed":true},"id":{"type":"string","description":"The ID of this integration.","description_kind":"plain","computed":true},"updated_at":{"type":"string","description":"The time this integration was last updated.","description_kind":"plain","computed":true},"user_ids":{"type":["list","string"],"description":"A list of user IDs of who owns this integration. It defaults to the user who created the integration.","description_kind":"plain","optional":true,"computed":true}},"description":"Box Integration Resource","description_kind":"markdown"}},"conductorone_integration_broadcom_sac":{"version":0,"block":{"attributes":{"app_id":{"type":"string","description":"The ID for the Application that this integration should connected to.","description_kind":"plain","required":true},"created_at":{"type":"string","description":"The time this integration was created.","description_kind":"plain","computed":true},"deleted_at":{"type":"string","description":"The time this integration was deleted.","description_kind":"plain","computed":true},"id":{"type":"string","description":"The ID of this integration.","description_kind":"plain","computed":true},"password":{"type":"string","description":"Client Secret","description_kind":"plain","optional":true,"sensitive":true},"tenant":{"type":"string","description":"Tenant","description_kind":"plain","optional":true},"updated_at":{"type":"string","description":"The time this integration was last updated.","description_kind":"plain","computed":true},"user_ids":{"type":["list","string"],"description":"A list of user IDs of who owns this integration. It defaults to the user who created the integration.","description_kind":"plain","optional":true,"computed":true},"username":{"type":"string","description":"Client ID","description_kind":"plain","optional":true}},"description":"Broadcom_sac Integration Resource","description_kind":"markdown"}},"conductorone_integration_buildkite":{"version":0,"block":{"attributes":{"api_token":{"type":"string","description":"API Token","description_kind":"plain","optional":true,"sensitive":true},"app_id":{"type":"string","description":"The ID for the Application that this integration should connected to.","description_kind":"plain","required":true},"created_at":{"type":"string","description":"The time this integration was created.","description_kind":"plain","computed":true},"deleted_at":{"type":"string","description":"The time this integration was deleted.","description_kind":"plain","computed":true},"id":{"type":"string","description":"The ID of this integration.","description_kind":"plain","computed":true},"organization":{"type":"string","description":"Organization","description_kind":"plain","optional":true},"updated_at":{"type":"string","description":"The time this integration was last updated.","description_kind":"plain","computed":true},"user_ids":{"type":["list","string"],"description":"A list of user IDs of who owns this integration. It defaults to the user who created the integration.","description_kind":"plain","optional":true,"computed":true}},"description":"Buildkite Integration Resource","description_kind":"markdown"}},"conductorone_integration_cloudamqp":{"version":0,"block":{"attributes":{"app_id":{"type":"string","description":"The ID for the Application that this integration should connected to.","description_kind":"plain","required":true},"cloudamqp_api_key":{"type":"string","description":"Your CloudAMQP API Key","description_kind":"plain","optional":true,"sensitive":true},"created_at":{"type":"string","description":"The time this integration was created.","description_kind":"plain","computed":true},"deleted_at":{"type":"string","description":"The time this integration was deleted.","description_kind":"plain","computed":true},"id":{"type":"string","description":"The ID of this integration.","description_kind":"plain","computed":true},"updated_at":{"type":"string","description":"The time this integration was last updated.","description_kind":"plain","computed":true},"user_ids":{"type":["list","string"],"description":"A list of user IDs of who owns this integration. It defaults to the user who created the integration.","description_kind":"plain","optional":true,"computed":true}},"description":"Cloudamqp Integration Resource","description_kind":"markdown"}},"conductorone_integration_cloudflare":{"version":0,"block":{"attributes":{"account_id":{"type":"string","description":"Account ID","description_kind":"plain","optional":true},"api_key":{"type":"string","description":"Your API Key","description_kind":"plain","optional":true,"sensitive":true},"app_id":{"type":"string","description":"The ID for the Application that this integration should connected to.","description_kind":"plain","required":true},"created_at":{"type":"string","description":"The time this integration was created.","description_kind":"plain","computed":true},"deleted_at":{"type":"string","description":"The time this integration was deleted.","description_kind":"plain","computed":true},"id":{"type":"string","description":"The ID of this integration.","description_kind":"plain","computed":true},"updated_at":{"type":"string","description":"The time this integration was last updated.","description_kind":"plain","computed":true},"user_ids":{"type":["list","string"],"description":"A list of user IDs of who owns this integration. It defaults to the user who created the integration.","description_kind":"plain","optional":true,"computed":true}},"description":"Cloudflare Integration Resource","description_kind":"markdown"}},"conductorone_integration_cloudflare_zero_trust":{"version":0,"block":{"attributes":{"account_id":{"type":"string","description":"Account ID","description_kind":"plain","optional":true},"api_key":{"type":"string","description":"Your API Key","description_kind":"plain","optional":true,"sensitive":true},"app_id":{"type":"string","description":"The ID for the Application that this integration should connected to.","description_kind":"plain","required":true},"created_at":{"type":"string","description":"The time this integration was created.","description_kind":"plain","computed":true},"deleted_at":{"type":"string","description":"The time this integration was deleted.","description_kind":"plain","computed":true},"id":{"type":"string","description":"The ID of this integration.","description_kind":"plain","computed":true},"updated_at":{"type":"string","description":"The time this integration was last updated.","description_kind":"plain","computed":true},"user_ids":{"type":["list","string"],"description":"A list of user IDs of who owns this integration. It defaults to the user who created the integration.","description_kind":"plain","optional":true,"computed":true}},"description":"Cloudflare_zero_trust Integration Resource","description_kind":"markdown"}},"conductorone_integration_confluence":{"version":0,"block":{"attributes":{"app_id":{"type":"string","description":"The ID for the Application that this integration should connected to.","description_kind":"plain","required":true},"confluence_apikey":{"type":"string","description":"Confluence API Key","description_kind":"plain","optional":true,"sensitive":true},"confluence_domain":{"type":"string","description":"Confluence Site Domain","description_kind":"plain","optional":true},"confluence_username":{"type":"string","description":"Confluence Username","description_kind":"plain","optional":true},"created_at":{"type":"string","description":"The time this integration was created.","description_kind":"plain","computed":true},"deleted_at":{"type":"string","description":"The time this integration was deleted.","description_kind":"plain","computed":true},"id":{"type":"string","description":"The ID of this integration.","description_kind":"plain","computed":true},"updated_at":{"type":"string","description":"The time this integration was last updated.","description_kind":"plain","computed":true},"user_ids":{"type":["list","string"],"description":"A list of user IDs of who owns this integration. It defaults to the user who created the integration.","description_kind":"plain","optional":true,"computed":true}},"description":"Confluence Integration Resource","description_kind":"markdown"}},"conductorone_integration_coupa":{"version":0,"block":{"attributes":{"app_id":{"type":"string","description":"The ID for the Application that this integration should connected to.","description_kind":"plain","required":true},"coupa_domain":{"type":"string","description":"Coupa Domain","description_kind":"plain","optional":true},"created_at":{"type":"string","description":"The time this integration was created.","description_kind":"plain","computed":true},"deleted_at":{"type":"string","description":"The time this integration was deleted.","description_kind":"plain","computed":true},"id":{"type":"string","description":"The ID of this integration.","description_kind":"plain","computed":true},"oauth2_client_cred_grant_client_id":{"type":"string","description":"Coupa OAuth2 Client ID","description_kind":"plain","optional":true},"oauth2_client_cred_grant_client_secret":{"type":"string","description":"Coupa OAuth2 Client Secret","description_kind":"plain","optional":true,"sensitive":true},"updated_at":{"type":"string","description":"The time this integration was last updated.","description_kind":"plain","computed":true},"user_ids":{"type":["list","string"],"description":"A list of user IDs of who owns this integration. It defaults to the user who created the integration.","description_kind":"plain","optional":true,"computed":true}},"description":"Coupa Integration Resource","description_kind":"markdown"}},"conductorone_integration_crowdstrike":{"version":0,"block":{"attributes":{"app_id":{"type":"string","description":"The ID for the Application that this integration should connected to.","description_kind":"plain","required":true},"created_at":{"type":"string","description":"The time this integration was created.","description_kind":"plain","computed":true},"crowdstrike_client_id":{"type":"string","description":"Client ID","description_kind":"plain","optional":true},"crowdstrike_client_secret":{"type":"string","description":"Client secret","description_kind":"plain","optional":true,"sensitive":true},"deleted_at":{"type":"string","description":"The time this integration was deleted.","description_kind":"plain","computed":true},"id":{"type":"string","description":"The ID of this integration.","description_kind":"plain","computed":true},"region":{"type":"string","description":"Region","description_kind":"plain","optional":true},"updated_at":{"type":"string","description":"The time this integration was last updated.","description_kind":"plain","computed":true},"user_ids":{"type":["list","string"],"description":"A list of user IDs of who owns this integration. It defaults to the user who created the integration.","description_kind":"plain","optional":true,"computed":true}},"description":"Crowdstrike Integration Resource","description_kind":"markdown"}},"conductorone_integration_datadog":{"version":0,"block":{"attributes":{"app_id":{"type":"string","description":"The ID for the Application that this integration should connected to.","description_kind":"plain","required":true},"created_at":{"type":"string","description":"The time this integration was created.","description_kind":"plain","computed":true},"datadog_api_key":{"type":"string","description":"Datadog API Key","description_kind":"plain","optional":true,"sensitive":true},"datadog_application_key":{"type":"string","description":"Datadog Application Key","description_kind":"plain","optional":true,"sensitive":true},"datadog_site":{"type":"string","description":"Datadog Site","description_kind":"plain","optional":true},"deleted_at":{"type":"string","description":"The time this integration was deleted.","description_kind":"plain","computed":true},"id":{"type":"string","description":"The ID of this integration.","description_kind":"plain","computed":true},"updated_at":{"type":"string","description":"The time this integration was last updated.","description_kind":"plain","computed":true},"user_ids":{"type":["list","string"],"description":"A list of user IDs of who owns this integration. It defaults to the user who created the integration.","description_kind":"plain","optional":true,"computed":true}},"description":"Datadog Integration Resource","description_kind":"markdown"}},"conductorone_integration_docusign":{"version":0,"block":{"attributes":{"account_id":{"type":"string","description":"Docusign Account ID","description_kind":"plain","optional":true},"app_id":{"type":"string","description":"The ID for the Application that this integration should connected to.","description_kind":"plain","required":true},"created_at":{"type":"string","description":"The time this integration was created.","description_kind":"plain","computed":true},"deleted_at":{"type":"string","description":"The time this integration was deleted.","description_kind":"plain","computed":true},"id":{"type":"string","description":"The ID of this integration.","description_kind":"plain","computed":true},"updated_at":{"type":"string","description":"The time this integration was last updated.","description_kind":"plain","computed":true},"user_ids":{"type":["list","string"],"description":"A list of user IDs of who owns this integration. It defaults to the user who created the integration.","description_kind":"plain","optional":true,"computed":true}},"description":"Docusign Integration Resource","description_kind":"markdown"}},"conductorone_integration_duo":{"version":0,"block":{"attributes":{"app_id":{"type":"string","description":"The ID for the Application that this integration should connected to.","description_kind":"plain","required":true},"created_at":{"type":"string","description":"The time this integration was created.","description_kind":"plain","computed":true},"deleted_at":{"type":"string","description":"The time this integration was deleted.","description_kind":"plain","computed":true},"duo_api_hostname":{"type":"string","description":"Duo API hostname","description_kind":"plain","optional":true,"sensitive":true},"duo_integration_key":{"type":"string","description":"Duo integration key","description_kind":"plain","optional":true,"sensitive":true},"duo_secret_key":{"type":"string","description":"Duo secret key","description_kind":"plain","optional":true,"sensitive":true},"id":{"type":"string","description":"The ID of this integration.","description_kind":"plain","computed":true},"updated_at":{"type":"string","description":"The time this integration was last updated.","description_kind":"plain","computed":true},"user_ids":{"type":["list","string"],"description":"A list of user IDs of who owns this integration. It defaults to the user who created the integration.","description_kind":"plain","optional":true,"computed":true}},"description":"Duo Integration Resource","description_kind":"markdown"}},"conductorone_integration_expensify":{"version":0,"block":{"attributes":{"app_id":{"type":"string","description":"The ID for the Application that this integration should connected to.","description_kind":"plain","required":true},"created_at":{"type":"string","description":"The time this integration was created.","description_kind":"plain","computed":true},"deleted_at":{"type":"string","description":"The time this integration was deleted.","description_kind":"plain","computed":true},"expensify_user_id":{"type":"string","description":"Expensify User ID","description_kind":"plain","optional":true,"sensitive":true},"expensify_user_secret":{"type":"string","description":"Expensify User Secret","description_kind":"plain","optional":true,"sensitive":true},"id":{"type":"string","description":"The ID of this integration.","description_kind":"plain","computed":true},"updated_at":{"type":"string","description":"The time this integration was last updated.","description_kind":"plain","computed":true},"user_ids":{"type":["list","string"],"description":"A list of user IDs of who owns this integration. It defaults to the user who created the integration.","description_kind":"plain","optional":true,"computed":true}},"description":"Expensify Integration Resource","description_kind":"markdown"}},"conductorone_integration_github":{"version":0,"block":{"attributes":{"app_id":{"type":"string","description":"The ID for the Application that this integration should connected to.","description_kind":"plain","required":true},"created_at":{"type":"string","description":"The time this integration was created.","description_kind":"plain","computed":true},"deleted_at":{"type":"string","description":"The time this integration was deleted.","description_kind":"plain","computed":true},"github_access_token":{"type":"string","description":"GitHub Personal Access Token","description_kind":"plain","optional":true,"sensitive":true},"github_org":{"type":"string","description":"GitHub Organization","description_kind":"plain","optional":true},"id":{"type":"string","description":"The ID of this integration.","description_kind":"plain","computed":true},"updated_at":{"type":"string","description":"The time this integration was last updated.","description_kind":"plain","computed":true},"user_ids":{"type":["list","string"],"description":"A list of user IDs of who owns this integration. It defaults to the user who created the integration.","description_kind":"plain","optional":true,"computed":true}},"description":"Github Integration Resource","description_kind":"markdown"}},"conductorone_integration_github_enterprise":{"version":0,"block":{"attributes":{"app_id":{"type":"string","description":"The ID for the Application that this integration should connected to.","description_kind":"plain","required":true},"created_at":{"type":"string","description":"The time this integration was created.","description_kind":"plain","computed":true},"deleted_at":{"type":"string","description":"The time this integration was deleted.","description_kind":"plain","computed":true},"github_access_token":{"type":"string","description":"GitHub Personal Access Token","description_kind":"plain","optional":true,"sensitive":true},"github_instance_url":{"type":"string","description":"GitHub Instance URL","description_kind":"plain","optional":true},"id":{"type":"string","description":"The ID of this integration.","description_kind":"plain","computed":true},"updated_at":{"type":"string","description":"The time this integration was last updated.","description_kind":"plain","computed":true},"user_ids":{"type":["list","string"],"description":"A list of user IDs of who owns this integration. It defaults to the user who created the integration.","description_kind":"plain","optional":true,"computed":true}},"description":"Github_enterprise Integration Resource","description_kind":"markdown"}},"conductorone_integration_gitlab":{"version":0,"block":{"attributes":{"app_id":{"type":"string","description":"The ID for the Application that this integration should connected to.","description_kind":"plain","required":true},"created_at":{"type":"string","description":"The time this integration was created.","description_kind":"plain","computed":true},"deleted_at":{"type":"string","description":"The time this integration was deleted.","description_kind":"plain","computed":true},"gitlab_access_token":{"type":"string","description":"GitLab Personal Access Token","description_kind":"plain","optional":true,"sensitive":true},"gitlab_group":{"type":"string","description":"GitLab Group","description_kind":"plain","optional":true},"id":{"type":"string","description":"The ID of this integration.","description_kind":"plain","computed":true},"updated_at":{"type":"string","description":"The time this integration was last updated.","description_kind":"plain","computed":true},"user_ids":{"type":["list","string"],"description":"A list of user IDs of who owns this integration. It defaults to the user who created the integration.","description_kind":"plain","optional":true,"computed":true}},"description":"Gitlab Integration Resource","description_kind":"markdown"}},"conductorone_integration_google_cloud_platform":{"version":0,"block":{"attributes":{"app_id":{"type":"string","description":"The ID for the Application that this integration should connected to.","description_kind":"plain","required":true},"created_at":{"type":"string","description":"The time this integration was created.","description_kind":"plain","computed":true},"credentials_json":{"type":"string","description":"Credentials JSON","description_kind":"plain","optional":true,"sensitive":true},"deleted_at":{"type":"string","description":"The time this integration was deleted.","description_kind":"plain","computed":true},"id":{"type":"string","description":"The ID of this integration.","description_kind":"plain","computed":true},"updated_at":{"type":"string","description":"The time this integration was last updated.","description_kind":"plain","computed":true},"user_ids":{"type":["list","string"],"description":"A list of user IDs of who owns this integration. It defaults to the user who created the integration.","description_kind":"plain","optional":true,"computed":true}},"description":"Google_cloud_platform Integration Resource","description_kind":"markdown"}},"conductorone_integration_google_identity_platform":{"version":0,"block":{"attributes":{"app_id":{"type":"string","description":"The ID for the Application that this integration should connected to.","description_kind":"plain","required":true},"created_at":{"type":"string","description":"The time this integration was created.","description_kind":"plain","computed":true},"credentials_json":{"type":"string","description":"Credentials JSON","description_kind":"plain","optional":true,"sensitive":true},"deleted_at":{"type":"string","description":"The time this integration was deleted.","description_kind":"plain","computed":true},"id":{"type":"string","description":"The ID of this integration.","description_kind":"plain","computed":true},"project_id":{"type":"string","description":"Project ID","description_kind":"plain","optional":true},"tenant_id":{"type":"string","description":"Tenant ID","description_kind":"plain","optional":true},"updated_at":{"type":"string","description":"The time this integration was last updated.","description_kind":"plain","computed":true},"user_ids":{"type":["list","string"],"description":"A list of user IDs of who owns this integration. It defaults to the user who created the integration.","description_kind":"plain","optional":true,"computed":true}},"description":"Google_identity_platform Integration Resource","description_kind":"markdown"}},"conductorone_integration_google_workspace":{"version":0,"block":{"attributes":{"administrator_email":{"type":"string","description":"Administrator Email","description_kind":"plain","optional":true},"app_id":{"type":"string","description":"The ID for the Application that this integration should connected to.","description_kind":"plain","required":true},"created_at":{"type":"string","description":"The time this integration was created.","description_kind":"plain","computed":true},"credentials_json":{"type":"string","description":"Credentials JSON","description_kind":"plain","optional":true,"sensitive":true},"customer_id":{"type":"string","description":"Customer ID","description_kind":"plain","optional":true},"deleted_at":{"type":"string","description":"The time this integration was deleted.","description_kind":"plain","computed":true},"domain":{"type":"string","description":"Domain","description_kind":"plain","optional":true},"id":{"type":"string","description":"The ID of this integration.","description_kind":"plain","computed":true},"updated_at":{"type":"string","description":"The time this integration was last updated.","description_kind":"plain","computed":true},"user_ids":{"type":["list","string"],"description":"A list of user IDs of who owns this integration. It defaults to the user who created the integration.","description_kind":"plain","optional":true,"computed":true}},"description":"Google_workspace Integration Resource","description_kind":"markdown"}},"conductorone_integration_gusto":{"version":0,"block":{"attributes":{"app_id":{"type":"string","description":"The ID for the Application that this integration should connected to.","description_kind":"plain","required":true},"company":{"type":"string","description":"Company","description_kind":"plain","optional":true},"created_at":{"type":"string","description":"The time this integration was created.","description_kind":"plain","computed":true},"deleted_at":{"type":"string","description":"The time this integration was deleted.","description_kind":"plain","computed":true},"id":{"type":"string","description":"The ID of this integration.","description_kind":"plain","computed":true},"updated_at":{"type":"string","description":"The time this integration was last updated.","description_kind":"plain","computed":true},"user_ids":{"type":["list","string"],"description":"A list of user IDs of who owns this integration. It defaults to the user who created the integration.","description_kind":"plain","optional":true,"computed":true}},"description":"Gusto Integration Resource","description_kind":"markdown"}},"conductorone_integration_jamf":{"version":0,"block":{"attributes":{"app_id":{"type":"string","description":"The ID for the Application that this integration should connected to.","description_kind":"plain","required":true},"created_at":{"type":"string","description":"The time this integration was created.","description_kind":"plain","computed":true},"deleted_at":{"type":"string","description":"The time this integration was deleted.","description_kind":"plain","computed":true},"id":{"type":"string","description":"The ID of this integration.","description_kind":"plain","computed":true},"jamf_instance_url":{"type":"string","description":"Instance URL","description_kind":"plain","optional":true},"jamf_password":{"type":"string","description":"Password","description_kind":"plain","optional":true,"sensitive":true},"jamf_username":{"type":"string","description":"Username","description_kind":"plain","optional":true},"updated_at":{"type":"string","description":"The time this integration was last updated.","description_kind":"plain","computed":true},"user_ids":{"type":["list","string"],"description":"A list of user IDs of who owns this integration. It defaults to the user who created the integration.","description_kind":"plain","optional":true,"computed":true}},"description":"Jamf Integration Resource","description_kind":"markdown"}},"conductorone_integration_jira_cloud":{"version":0,"block":{"attributes":{"app_id":{"type":"string","description":"The ID for the Application that this integration should connected to.","description_kind":"plain","required":true},"created_at":{"type":"string","description":"The time this integration was created.","description_kind":"plain","computed":true},"deleted_at":{"type":"string","description":"The time this integration was deleted.","description_kind":"plain","computed":true},"id":{"type":"string","description":"The ID of this integration.","description_kind":"plain","computed":true},"jiracloud_apikey":{"type":"string","description":"Jira API Key","description_kind":"plain","optional":true,"sensitive":true},"jiracloud_domain":{"type":"string","description":"Jira Site Domain","description_kind":"plain","optional":true},"jiracloud_username":{"type":"string","description":"Jira Username","description_kind":"plain","optional":true},"updated_at":{"type":"string","description":"The time this integration was last updated.","description_kind":"plain","computed":true},"user_ids":{"type":["list","string"],"description":"A list of user IDs of who owns this integration. It defaults to the user who created the integration.","description_kind":"plain","optional":true,"computed":true}},"description":"Jira_cloud Integration Resource","description_kind":"markdown"}},"conductorone_integration_jumpcloud":{"version":0,"block":{"attributes":{"app_id":{"type":"string","description":"The ID for the Application that this integration should connected to.","description_kind":"plain","required":true},"created_at":{"type":"string","description":"The time this integration was created.","description_kind":"plain","computed":true},"deleted_at":{"type":"string","description":"The time this integration was deleted.","description_kind":"plain","computed":true},"id":{"type":"string","description":"The ID of this integration.","description_kind":"plain","computed":true},"jumpcloud_api_key":{"type":"string","description":"JumpCloud API Key","description_kind":"plain","optional":true,"sensitive":true},"updated_at":{"type":"string","description":"The time this integration was last updated.","description_kind":"plain","computed":true},"user_ids":{"type":["list","string"],"description":"A list of user IDs of who owns this integration. It defaults to the user who created the integration.","description_kind":"plain","optional":true,"computed":true}},"description":"Jumpcloud Integration Resource","description_kind":"markdown"}},"conductorone_integration_linear":{"version":0,"block":{"attributes":{"app_id":{"type":"string","description":"The ID for the Application that this integration should connected to.","description_kind":"plain","required":true},"created_at":{"type":"string","description":"The time this integration was created.","description_kind":"plain","computed":true},"deleted_at":{"type":"string","description":"The time this integration was deleted.","description_kind":"plain","computed":true},"id":{"type":"string","description":"The ID of this integration.","description_kind":"plain","computed":true},"linear_api_key":{"type":"string","description":"Linear API Key","description_kind":"plain","optional":true,"sensitive":true},"updated_at":{"type":"string","description":"The time this integration was last updated.","description_kind":"plain","computed":true},"user_ids":{"type":["list","string"],"description":"A list of user IDs of who owns this integration. It defaults to the user who created the integration.","description_kind":"plain","optional":true,"computed":true}},"description":"Linear Integration Resource","description_kind":"markdown"}},"conductorone_integration_netsuite":{"version":0,"block":{"attributes":{"app_id":{"type":"string","description":"The ID for the Application that this integration should connected to.","description_kind":"plain","required":true},"created_at":{"type":"string","description":"The time this integration was created.","description_kind":"plain","computed":true},"deleted_at":{"type":"string","description":"The time this integration was deleted.","description_kind":"plain","computed":true},"id":{"type":"string","description":"The ID of this integration.","description_kind":"plain","computed":true},"netsuite_account_id":{"type":"string","description":"Netsuite Account ID","description_kind":"plain","optional":true},"netsuite_consumer_key":{"type":"string","description":"Netsuite Consumer Key","description_kind":"plain","optional":true},"netsuite_consumer_secret":{"type":"string","description":"Netsuite Consumer Secret","description_kind":"plain","optional":true,"sensitive":true},"netsuite_token_key":{"type":"string","description":"Netsuite Token Key","description_kind":"plain","optional":true},"netsuite_token_secret":{"type":"string","description":"Netsuite Token Secret","description_kind":"plain","optional":true,"sensitive":true},"updated_at":{"type":"string","description":"The time this integration was last updated.","description_kind":"plain","computed":true},"user_ids":{"type":["list","string"],"description":"A list of user IDs of who owns this integration. It defaults to the user who created the integration.","description_kind":"plain","optional":true,"computed":true}},"description":"Netsuite Integration Resource","description_kind":"markdown"}},"conductorone_integration_okta":{"version":0,"block":{"attributes":{"app_id":{"type":"string","description":"The ID for the Application that this integration should connected to.","description_kind":"plain","required":true},"created_at":{"type":"string","description":"The time this integration was created.","description_kind":"plain","computed":true},"deleted_at":{"type":"string","description":"The time this integration was deleted.","description_kind":"plain","computed":true},"id":{"type":"string","description":"The ID of this integration.","description_kind":"plain","computed":true},"okta_api_key":{"type":"string","description":"The okta api key field.","description_kind":"plain","optional":true,"sensitive":true},"okta_domain":{"type":"string","description":"The okta domain field.","description_kind":"plain","optional":true},"okta_dont_sync_inactive_apps":{"type":"bool","description":"Don't include inactive apps in the sync. Defaults to false. If set to true, the integration will only sync active apps.","description_kind":"plain","optional":true},"okta_extract_aws_saml_roles":{"type":"bool","description":"Extract AWS SAML roles from Okta SAML responses. Defaults to false. If set to true, the integration will extract AWS SAML roles from Okta SAML responses.","description_kind":"plain","optional":true},"updated_at":{"type":"string","description":"The time this integration was last updated.","description_kind":"plain","computed":true},"user_ids":{"type":["list","string"],"description":"A list of user IDs of who owns this integration. It defaults to the user who created the integration.","description_kind":"plain","optional":true,"computed":true}},"description":"Okta Integration Resource","description_kind":"markdown"}},"conductorone_integration_onelogin":{"version":0,"block":{"attributes":{"app_id":{"type":"string","description":"The ID for the Application that this integration should connected to.","description_kind":"plain","required":true},"created_at":{"type":"string","description":"The time this integration was created.","description_kind":"plain","computed":true},"deleted_at":{"type":"string","description":"The time this integration was deleted.","description_kind":"plain","computed":true},"id":{"type":"string","description":"The ID of this integration.","description_kind":"plain","computed":true},"oauth_client_cred_grant_client_id":{"type":"string","description":"OneLogin Client ID","description_kind":"plain","optional":true},"oauth_client_cred_grant_client_secret":{"type":"string","description":"OneLogin Client Secret","description_kind":"plain","optional":true,"sensitive":true},"onelogin_domain":{"type":"string","description":"OneLogin domain","description_kind":"plain","optional":true},"updated_at":{"type":"string","description":"The time this integration was last updated.","description_kind":"plain","computed":true},"user_ids":{"type":["list","string"],"description":"A list of user IDs of who owns this integration. It defaults to the user who created the integration.","description_kind":"plain","optional":true,"computed":true}},"description":"Onelogin Integration Resource","description_kind":"markdown"}},"conductorone_integration_opsgenie":{"version":0,"block":{"attributes":{"app_id":{"type":"string","description":"The ID for the Application that this integration should connected to.","description_kind":"plain","required":true},"created_at":{"type":"string","description":"The time this integration was created.","description_kind":"plain","computed":true},"deleted_at":{"type":"string","description":"The time this integration was deleted.","description_kind":"plain","computed":true},"id":{"type":"string","description":"The ID of this integration.","description_kind":"plain","computed":true},"opsgenie_apikey":{"type":"string","description":"OpsGenie API Key","description_kind":"plain","optional":true,"sensitive":true},"updated_at":{"type":"string","description":"The time this integration was last updated.","description_kind":"plain","computed":true},"user_ids":{"type":["list","string"],"description":"A list of user IDs of who owns this integration. It defaults to the user who created the integration.","description_kind":"plain","optional":true,"computed":true}},"description":"Opsgenie Integration Resource","description_kind":"markdown"}},"conductorone_integration_pagerduty":{"version":0,"block":{"attributes":{"app_id":{"type":"string","description":"The ID for the Application that this integration should connected to.","description_kind":"plain","required":true},"created_at":{"type":"string","description":"The time this integration was created.","description_kind":"plain","computed":true},"deleted_at":{"type":"string","description":"The time this integration was deleted.","description_kind":"plain","computed":true},"id":{"type":"string","description":"The ID of this integration.","description_kind":"plain","computed":true},"pagerduty_api_token":{"type":"string","description":"API Token","description_kind":"plain","optional":true,"sensitive":true},"updated_at":{"type":"string","description":"The time this integration was last updated.","description_kind":"plain","computed":true},"user_ids":{"type":["list","string"],"description":"A list of user IDs of who owns this integration. It defaults to the user who created the integration.","description_kind":"plain","optional":true,"computed":true}},"description":"Pagerduty Integration Resource","description_kind":"markdown"}},"conductorone_integration_panther":{"version":0,"block":{"attributes":{"app_id":{"type":"string","description":"The ID for the Application that this integration should connected to.","description_kind":"plain","required":true},"created_at":{"type":"string","description":"The time this integration was created.","description_kind":"plain","computed":true},"deleted_at":{"type":"string","description":"The time this integration was deleted.","description_kind":"plain","computed":true},"id":{"type":"string","description":"The ID of this integration.","description_kind":"plain","computed":true},"panther_api_key":{"type":"string","description":"Panther API Key","description_kind":"plain","optional":true,"sensitive":true},"panther_url":{"type":"string","description":"Panther API Url","description_kind":"plain","optional":true,"sensitive":true},"updated_at":{"type":"string","description":"The time this integration was last updated.","description_kind":"plain","computed":true},"user_ids":{"type":["list","string"],"description":"A list of user IDs of who owns this integration. It defaults to the user who created the integration.","description_kind":"plain","optional":true,"computed":true}},"description":"Panther Integration Resource","description_kind":"markdown"}},"conductorone_integration_ramp":{"version":0,"block":{"attributes":{"app_id":{"type":"string","description":"The ID for the Application that this integration should connected to.","description_kind":"plain","required":true},"created_at":{"type":"string","description":"The time this integration was created.","description_kind":"plain","computed":true},"deleted_at":{"type":"string","description":"The time this integration was deleted.","description_kind":"plain","computed":true},"id":{"type":"string","description":"The ID of this integration.","description_kind":"plain","computed":true},"updated_at":{"type":"string","description":"The time this integration was last updated.","description_kind":"plain","computed":true},"user_ids":{"type":["list","string"],"description":"A list of user IDs of who owns this integration. It defaults to the user who created the integration.","description_kind":"plain","optional":true,"computed":true}},"description":"Ramp Integration Resource","description_kind":"markdown"}},"conductorone_integration_salesforce":{"version":0,"block":{"attributes":{"app_id":{"type":"string","description":"The ID for the Application that this integration should connected to.","description_kind":"plain","required":true},"created_at":{"type":"string","description":"The time this integration was created.","description_kind":"plain","computed":true},"deleted_at":{"type":"string","description":"The time this integration was deleted.","description_kind":"plain","computed":true},"id":{"type":"string","description":"The ID of this integration.","description_kind":"plain","computed":true},"salesforce_instance_url":{"type":"string","description":"Salesforce Domain","description_kind":"plain","optional":true},"salesforce_username_for_email":{"type":"bool","description":"Use Salesforce usernames for email","description_kind":"plain","optional":true},"updated_at":{"type":"string","description":"The time this integration was last updated.","description_kind":"plain","computed":true},"user_ids":{"type":["list","string"],"description":"A list of user IDs of who owns this integration. It defaults to the user who created the integration.","description_kind":"plain","optional":true,"computed":true}},"description":"Salesforce Integration Resource","description_kind":"markdown"}},"conductorone_integration_sendgrid":{"version":0,"block":{"attributes":{"app_id":{"type":"string","description":"The ID for the Application that this integration should connected to.","description_kind":"plain","required":true},"created_at":{"type":"string","description":"The time this integration was created.","description_kind":"plain","computed":true},"deleted_at":{"type":"string","description":"The time this integration was deleted.","description_kind":"plain","computed":true},"id":{"type":"string","description":"The ID of this integration.","description_kind":"plain","computed":true},"sendgrid_api_key":{"type":"string","description":"Sendgrid API Key","description_kind":"plain","optional":true,"sensitive":true},"updated_at":{"type":"string","description":"The time this integration was last updated.","description_kind":"plain","computed":true},"user_ids":{"type":["list","string"],"description":"A list of user IDs of who owns this integration. It defaults to the user who created the integration.","description_kind":"plain","optional":true,"computed":true}},"description":"Sendgrid Integration Resource","description_kind":"markdown"}},"conductorone_integration_sentry":{"version":0,"block":{"attributes":{"app_id":{"type":"string","description":"The ID for the Application that this integration should connected to.","description_kind":"plain","required":true},"created_at":{"type":"string","description":"The time this integration was created.","description_kind":"plain","computed":true},"deleted_at":{"type":"string","description":"The time this integration was deleted.","description_kind":"plain","computed":true},"id":{"type":"string","description":"The ID of this integration.","description_kind":"plain","computed":true},"sentry_org_slug":{"type":"string","description":"Sentry Organization Slug","description_kind":"plain","optional":true},"sentry_token":{"type":"string","description":"Sentry Token","description_kind":"plain","optional":true,"sensitive":true},"updated_at":{"type":"string","description":"The time this integration was last updated.","description_kind":"plain","computed":true},"user_ids":{"type":["list","string"],"description":"A list of user IDs of who owns this integration. It defaults to the user who created the integration.","description_kind":"plain","optional":true,"computed":true}},"description":"Sentry Integration Resource","description_kind":"markdown"}},"conductorone_integration_servicenow":{"version":0,"block":{"attributes":{"app_id":{"type":"string","description":"The ID for the Application that this integration should connected to.","description_kind":"plain","required":true},"created_at":{"type":"string","description":"The time this integration was created.","description_kind":"plain","computed":true},"deleted_at":{"type":"string","description":"The time this integration was deleted.","description_kind":"plain","computed":true},"deployment":{"type":"string","description":"Deployment","description_kind":"plain","optional":true},"id":{"type":"string","description":"The ID of this integration.","description_kind":"plain","computed":true},"password":{"type":"string","description":"Password","description_kind":"plain","optional":true,"sensitive":true},"updated_at":{"type":"string","description":"The time this integration was last updated.","description_kind":"plain","computed":true},"user_ids":{"type":["list","string"],"description":"A list of user IDs of who owns this integration. It defaults to the user who created the integration.","description_kind":"plain","optional":true,"computed":true},"username":{"type":"string","description":"Username","description_kind":"plain","optional":true}},"description":"Servicenow Integration Resource","description_kind":"markdown"}},"conductorone_integration_slack":{"version":0,"block":{"attributes":{"app_id":{"type":"string","description":"The ID for the Application that this integration should connected to.","description_kind":"plain","required":true},"created_at":{"type":"string","description":"The time this integration was created.","description_kind":"plain","computed":true},"deleted_at":{"type":"string","description":"The time this integration was deleted.","description_kind":"plain","computed":true},"id":{"type":"string","description":"The ID of this integration.","description_kind":"plain","computed":true},"slack_api_key":{"type":"string","description":"Slack User Token","description_kind":"plain","optional":true,"sensitive":true},"updated_at":{"type":"string","description":"The time this integration was last updated.","description_kind":"plain","computed":true},"user_ids":{"type":["list","string"],"description":"A list of user IDs of who owns this integration. It defaults to the user who created the integration.","description_kind":"plain","optional":true,"computed":true}},"description":"Slack Integration Resource","description_kind":"markdown"}},"conductorone_integration_snowflake":{"version":0,"block":{"attributes":{"app_id":{"type":"string","description":"The ID for the Application that this integration should connected to.","description_kind":"plain","required":true},"created_at":{"type":"string","description":"The time this integration was created.","description_kind":"plain","computed":true},"deleted_at":{"type":"string","description":"The time this integration was deleted.","description_kind":"plain","computed":true},"id":{"type":"string","description":"The ID of this integration.","description_kind":"plain","computed":true},"snowflake_account":{"type":"string","description":"Snowflake Account ID / Locator","description_kind":"plain","optional":true},"snowflake_password":{"type":"string","description":"Snowflake Password","description_kind":"plain","optional":true,"sensitive":true},"snowflake_user_role":{"type":"string","description":"Snowflake User Role","description_kind":"plain","optional":true},"snowflake_username":{"type":"string","description":"Snowflake Username","description_kind":"plain","optional":true},"updated_at":{"type":"string","description":"The time this integration was last updated.","description_kind":"plain","computed":true},"user_ids":{"type":["list","string"],"description":"A list of user IDs of who owns this integration. It defaults to the user who created the integration.","description_kind":"plain","optional":true,"computed":true}},"description":"Snowflake Integration Resource","description_kind":"markdown"}},"conductorone_integration_tableau":{"version":0,"block":{"attributes":{"app_id":{"type":"string","description":"The ID for the Application that this integration should connected to.","description_kind":"plain","required":true},"created_at":{"type":"string","description":"The time this integration was created.","description_kind":"plain","computed":true},"deleted_at":{"type":"string","description":"The time this integration was deleted.","description_kind":"plain","computed":true},"id":{"type":"string","description":"The ID of this integration.","description_kind":"plain","computed":true},"tableau_access_token_name":{"type":"string","description":"Access Token Name","description_kind":"plain","optional":true},"tableau_access_token_secret":{"type":"string","description":"Access Token Secret","description_kind":"plain","optional":true,"sensitive":true},"tableau_server_path":{"type":"string","description":"Server Path","description_kind":"plain","optional":true},"tableau_site_id":{"type":"string","description":"Site ID","description_kind":"plain","optional":true},"updated_at":{"type":"string","description":"The time this integration was last updated.","description_kind":"plain","computed":true},"user_ids":{"type":["list","string"],"description":"A list of user IDs of who owns this integration. It defaults to the user who created the integration.","description_kind":"plain","optional":true,"computed":true}},"description":"Tableau Integration Resource","description_kind":"markdown"}},"conductorone_integration_tailscale":{"version":0,"block":{"attributes":{"app_id":{"type":"string","description":"The ID for the Application that this integration should connected to.","description_kind":"plain","required":true},"created_at":{"type":"string","description":"The time this integration was created.","description_kind":"plain","computed":true},"deleted_at":{"type":"string","description":"The time this integration was deleted.","description_kind":"plain","computed":true},"id":{"type":"string","description":"The ID of this integration.","description_kind":"plain","computed":true},"tailnet":{"type":"string","description":"Tailscale Tailnet","description_kind":"plain","optional":true},"tailscale_api_key":{"type":"string","description":"Tailscale API Key","description_kind":"plain","optional":true,"sensitive":true},"updated_at":{"type":"string","description":"The time this integration was last updated.","description_kind":"plain","computed":true},"user_ids":{"type":["list","string"],"description":"A list of user IDs of who owns this integration. It defaults to the user who created the integration.","description_kind":"plain","optional":true,"computed":true}},"description":"Tailscale Integration Resource","description_kind":"markdown"}},"conductorone_integration_twingate":{"version":0,"block":{"attributes":{"app_id":{"type":"string","description":"The ID for the Application that this integration should connected to.","description_kind":"plain","required":true},"created_at":{"type":"string","description":"The time this integration was created.","description_kind":"plain","computed":true},"deleted_at":{"type":"string","description":"The time this integration was deleted.","description_kind":"plain","computed":true},"id":{"type":"string","description":"The ID of this integration.","description_kind":"plain","computed":true},"twingate_apikey":{"type":"string","description":"Twingate API Key","description_kind":"plain","optional":true,"sensitive":true},"twingate_domain":{"type":"string","description":"Twingate Domain","description_kind":"plain","optional":true},"updated_at":{"type":"string","description":"The time this integration was last updated.","description_kind":"plain","computed":true},"user_ids":{"type":["list","string"],"description":"A list of user IDs of who owns this integration. It defaults to the user who created the integration.","description_kind":"plain","optional":true,"computed":true}},"description":"Twingate Integration Resource","description_kind":"markdown"}},"conductorone_integration_ukg":{"version":0,"block":{"attributes":{"app_id":{"type":"string","description":"The ID for the Application that this integration should connected to.","description_kind":"plain","required":true},"created_at":{"type":"string","description":"The time this integration was created.","description_kind":"plain","computed":true},"deleted_at":{"type":"string","description":"The time this integration was deleted.","description_kind":"plain","computed":true},"id":{"type":"string","description":"The ID of this integration.","description_kind":"plain","computed":true},"ukg_customer_api_key":{"type":"string","description":"UKG Customer API Key","description_kind":"plain","optional":true},"ukg_password":{"type":"string","description":"UKG Password","description_kind":"plain","optional":true,"sensitive":true},"ukg_service_endpoint":{"type":"string","description":"UKG Service Endpoint","description_kind":"plain","optional":true},"ukg_username":{"type":"string","description":"UKG Username","description_kind":"plain","optional":true},"updated_at":{"type":"string","description":"The time this integration was last updated.","description_kind":"plain","computed":true},"user_ids":{"type":["list","string"],"description":"A list of user IDs of who owns this integration. It defaults to the user who created the integration.","description_kind":"plain","optional":true,"computed":true}},"description":"Ukg Integration Resource","description_kind":"markdown"}},"conductorone_integration_xsoar":{"version":0,"block":{"attributes":{"api_url":{"type":"string","description":"API URL","description_kind":"plain","optional":true},"app_id":{"type":"string","description":"The ID for the Application that this integration should connected to.","description_kind":"plain","required":true},"created_at":{"type":"string","description":"The time this integration was created.","description_kind":"plain","computed":true},"deleted_at":{"type":"string","description":"The time this integration was deleted.","description_kind":"plain","computed":true},"id":{"type":"string","description":"The ID of this integration.","description_kind":"plain","computed":true},"token":{"type":"string","description":"Token","description_kind":"plain","optional":true,"sensitive":true},"updated_at":{"type":"string","description":"The time this integration was last updated.","description_kind":"plain","computed":true},"user_ids":{"type":["list","string"],"description":"A list of user IDs of who owns this integration. It defaults to the user who created the integration.","description_kind":"plain","optional":true,"computed":true}},"description":"Xsoar Integration Resource","description_kind":"markdown"}},"conductorone_integration_zendesk":{"version":0,"block":{"attributes":{"api_token":{"type":"string","description":"Zendesk API Token","description_kind":"plain","optional":true,"sensitive":true},"app_id":{"type":"string","description":"The ID for the Application that this integration should connected to.","description_kind":"plain","required":true},"created_at":{"type":"string","description":"The time this integration was created.","description_kind":"plain","computed":true},"deleted_at":{"type":"string","description":"The time this integration was deleted.","description_kind":"plain","computed":true},"email":{"type":"string","description":"Zendesk Email","description_kind":"plain","optional":true},"id":{"type":"string","description":"The ID of this integration.","description_kind":"plain","computed":true},"subdomain":{"type":"string","description":"Zendesk Subdomain","description_kind":"plain","optional":true},"updated_at":{"type":"string","description":"The time this integration was last updated.","description_kind":"plain","computed":true},"user_ids":{"type":["list","string"],"description":"A list of user IDs of who owns this integration. It defaults to the user who created the integration.","description_kind":"plain","optional":true,"computed":true}},"description":"Zendesk Integration Resource","description_kind":"markdown"}},"conductorone_integration_zoom":{"version":0,"block":{"attributes":{"app_id":{"type":"string","description":"The ID for the Application that this integration should connected to.","description_kind":"plain","required":true},"created_at":{"type":"string","description":"The time this integration was created.","description_kind":"plain","computed":true},"deleted_at":{"type":"string","description":"The time this integration was deleted.","description_kind":"plain","computed":true},"id":{"type":"string","description":"The ID of this integration.","description_kind":"plain","computed":true},"updated_at":{"type":"string","description":"The time this integration was last updated.","description_kind":"plain","computed":true},"user_ids":{"type":["list","string"],"description":"A list of user IDs of who owns this integration. It defaults to the user who created the integration.","description_kind":"plain","optional":true,"computed":true},"zoom_account_id":{"type":"string","description":"Account ID","description_kind":"plain","optional":true},"zoom_client_id":{"type":"string","description":"Client ID","description_kind":"plain","optional":true},"zoom_client_secret":{"type":"string","description":"Client Secret","description_kind":"plain","optional":true,"sensitive":true}},"description":"Zoom Integration Resource","description_kind":"markdown"}},"conductorone_policy":{"version":0,"block":{"attributes":{"created_at":{"type":"string","description_kind":"plain","computed":true},"deleted_at":{"type":"string","description_kind":"plain","computed":true},"description":{"type":"string","description":"The description field.","description_kind":"plain","optional":true,"computed":true},"display_name":{"type":"string","description":"The displayName field.","description_kind":"plain","required":true},"id":{"type":"string","description":"The id field.","description_kind":"plain","computed":true},"policy_steps":{"nested_type":{"attributes":{"steps":{"nested_type":{"attributes":{"approval":{"nested_type":{"attributes":{"allow_reassignment":{"type":"bool","description":"The allowReassignment field.","description_kind":"plain","optional":true,"computed":true},"app_group_approval":{"nested_type":{"attributes":{"allow_self_approval":{"type":"bool","description":"The allowSelfApproval field.","description_kind":"plain","optional":true,"computed":true},"app_group_id":{"type":"string","description":"The appGroupId field.","description_kind":"plain","optional":true,"computed":true},"app_id":{"type":"string","description":"The appId field.","description_kind":"plain","optional":true,"computed":true},"fallback":{"type":"bool","description":"The fallback field.","description_kind":"plain","optional":true,"computed":true},"fallback_user_ids":{"type":["list","string"],"description":"The fallbackUserIds field.","description_kind":"plain","optional":true,"computed":true}},"nesting_mode":"single"},"description":"The AppGroupApproval message.","description_kind":"plain","optional":true},"app_owner_approval":{"nested_type":{"attributes":{"allow_self_approval":{"type":"bool","description":" App owner is based on the app id and doesn't need to have self-contained data\n","description_kind":"markdown","optional":true,"computed":true}},"nesting_mode":"single"},"description":"The AppOwnerApproval message.","description_kind":"plain","optional":true},"assigned":{"type":"bool","description":"The assigned field.","description_kind":"plain","optional":true,"computed":true},"entitlement_owner_approval":{"nested_type":{"attributes":{"allow_self_approval":{"type":"bool","description":" Entitlement owner is based on the current entitlement's id and doesn't need to have self-contained data\n","description_kind":"markdown","optional":true,"computed":true},"fallback":{"type":"bool","description":"The fallback field.","description_kind":"plain","optional":true,"computed":true},"fallback_user_ids":{"type":["list","string"],"description":"The fallbackUserIds field.","description_kind":"plain","optional":true,"computed":true}},"nesting_mode":"single"},"description":"The EntitlementOwnerApproval message.","description_kind":"plain","optional":true},"manager_approval":{"nested_type":{"attributes":{"allow_self_approval":{"type":"bool","description":"The allowSelfApproval field.","description_kind":"plain","optional":true,"computed":true},"assigned_user_ids":{"type":["list","string"],"description":"The assignedUserIds field.","description_kind":"plain","optional":true,"computed":true},"fallback":{"type":"bool","description":"The fallback field.","description_kind":"plain","optional":true,"computed":true},"fallback_user_ids":{"type":["list","string"],"description":"The fallbackUserIds field.","description_kind":"plain","optional":true,"computed":true}},"nesting_mode":"single"},"description":"The ManagerApproval message.","description_kind":"plain","optional":true},"require_approval_reason":{"type":"bool","description":"The requireApprovalReason field.","description_kind":"plain","optional":true,"computed":true},"require_reassignment_reason":{"type":"bool","description":"The requireReassignmentReason field.","description_kind":"plain","optional":true,"computed":true},"self_approval":{"nested_type":{"attributes":{"assigned_user_ids":{"type":["list","string"],"description":"The assignedUserIds field.","description_kind":"plain","computed":true},"fallback":{"type":"bool","description":"The fallback field.","description_kind":"plain","optional":true,"computed":true},"fallback_user_ids":{"type":["list","string"],"description":" Self approval is the target of the ticket\n","description_kind":"markdown","optional":true,"computed":true}},"nesting_mode":"single"},"description":"The SelfApproval message.","description_kind":"plain","optional":true},"user_approval":{"nested_type":{"attributes":{"allow_self_approval":{"type":"bool","description":"The allowSelfApproval field.","description_kind":"plain","optional":true,"computed":true},"user_ids":{"type":["list","string"],"description":"The userIds field.","description_kind":"plain","optional":true,"computed":true}},"nesting_mode":"single"},"description":"The UserApproval message.","description_kind":"plain","optional":true}},"nesting_mode":"single"},"description":"The Approval field is used to define who should perform the review.\nThis message contains a oneof. Only a single field of the following list may be set at a time:\n  - users\n  - manager\n  - appOwners\n  - group\n  - self\n  - entitlementOwners\n\n","description_kind":"markdown","optional":true},"provision":{"nested_type":{"attributes":{"assigned":{"type":"bool","description":"The assigned field.","description_kind":"plain","optional":true,"computed":true},"provision_policy":{"nested_type":{"attributes":{"connector_provision":{"nested_type":{"nesting_mode":"single"},"description":"The ConnectorProvision message.","description_kind":"plain","optional":true},"delegated_provision":{"nested_type":{"attributes":{"app_id":{"type":"string","description":"The appId field.","description_kind":"plain","optional":true,"computed":true},"entitlement_id":{"type":"string","description":"The entitlementId field.","description_kind":"plain","optional":true,"computed":true}},"nesting_mode":"single"},"description":"The DelegatedProvision message.","description_kind":"plain","optional":true},"manual_provision":{"nested_type":{"attributes":{"instructions":{"type":"string","description":"The instructions field.","description_kind":"plain","optional":true,"computed":true},"user_ids":{"type":["list","string"],"description":"The userIds field.","description_kind":"plain","optional":true,"computed":true}},"nesting_mode":"single"},"description":"The ManualProvision message.","description_kind":"plain","optional":true}},"nesting_mode":"single"},"description":"The ProvisionPolicy message.\nThis message contains a oneof. Only a single field of the following list may be set at a time:\n  - connector\n  - manual\n  - delegated\n\n","description_kind":"markdown","optional":true,"computed":true}},"nesting_mode":"single"},"description":"The Provision message.","description_kind":"plain","optional":true}},"nesting_mode":"list"},"description":"The steps field.","description_kind":"plain","optional":true,"computed":true}},"nesting_mode":"map"},"description":"The policySteps field.","description_kind":"plain","optional":true,"computed":true},"policy_type":{"type":"string","description":"must be one of [POLICY_TYPE_UNSPECIFIED, POLICY_TYPE_GRANT, POLICY_TYPE_REVOKE, POLICY_TYPE_CERTIFY, POLICY_TYPE_ACCESS_REQUEST, POLICY_TYPE_PROVISION]\nThe policyType field.","description_kind":"markdown","optional":true,"computed":true},"post_actions":{"nested_type":{"attributes":{"certify_remediate_immediately":{"type":"bool","description":" ONLY valid when used in a CERTIFY Ticket Type:\n Causes any deprovision or change in a grant to be applied when Certify Ticket is closed.\nSee the documentation for `c1.api.policy.v1.PolicyPostActions` for more details.","description_kind":"markdown","optional":true,"computed":true}},"nesting_mode":"list"},"description":"The postActions field.","description_kind":"plain","optional":true,"computed":true},"reassign_tasks_to_delegates":{"type":"bool","description":"The reassignTasksToDelegates field.","description_kind":"plain","optional":true,"computed":true},"system_builtin":{"type":"bool","description":"The systemBuiltin field.","description_kind":"plain","computed":true},"updated_at":{"type":"string","description_kind":"plain","computed":true}},"description":"Policy Resource","description_kind":"markdown"}},"conductorone_risk_level":{"version":0,"block":{"attributes":{"attribute_type_id":{"type":"string","description":"The attributeTypeId field.","description_kind":"plain","computed":true},"created_at":{"type":"string","description_kind":"plain","computed":true},"deleted_at":{"type":"string","description_kind":"plain","computed":true},"id":{"type":"string","description":"The id field.","description_kind":"plain","computed":true},"updated_at":{"type":"string","description_kind":"plain","computed":true},"value":{"type":"string","description":"The value field is the value of the attribute. In this case it is the name of the Risk Level (e.g. High, Low, etc.).","description_kind":"plain","optional":true,"computed":true}},"description":"Risk Level Resource","description_kind":"markdown"}}},"data_source_schemas":{"conductorone_app":{"version":0,"block":{"attributes":{"app_account_id":{"type":"string","description":"The appAccountId field.","description_kind":"plain","computed":true},"app_account_name":{"type":"string","description":"The appAccountName field.","description_kind":"plain","computed":true},"certify_policy_id":{"type":"string","description":"The certifyPolicyId is the ID of the policy that will be used for access review certify tasks.","description_kind":"plain","computed":true},"created_at":{"type":"string","description_kind":"plain","computed":true},"deleted_at":{"type":"string","description_kind":"plain","computed":true},"description":{"type":"string","description":"The description field.","description_kind":"plain","computed":true},"display_name":{"type":"string","description":"The displayName field.","description_kind":"plain","optional":true,"computed":true},"field_mask":{"type":"string","description_kind":"plain","computed":true},"grant_policy_id":{"type":"string","description":"The grantPolicyId field is the policy that will be used for access request grant tasks.","description_kind":"plain","computed":true},"icon_url":{"type":"string","description":"The iconUrl field.","description_kind":"plain","computed":true},"id":{"type":"string","description":"The id field.","description_kind":"plain","optional":true,"computed":true},"logo_uri":{"type":"string","description":"The logoUri field.","description_kind":"plain","computed":true},"monthly_cost_usd":{"type":"number","description":"The monthlyCostUsd field is the monthly cost per seat for the given app.","description_kind":"plain","computed":true},"owners":{"type":["list","string"],"description":"The owners field is a list of user IDs indicating the app owners.","description_kind":"plain","computed":true},"parent_app_id":{"type":"string","description":"The parentAppId field is the ID of the parent app if one exists.","description_kind":"plain","computed":true},"revoke_policy_id":{"type":"string","description":"The revokePolicyId is the ID of the policy that will be used for revoke access tasks.","description_kind":"plain","computed":true},"updated_at":{"type":"string","description_kind":"plain","computed":true},"user_count":{"type":"string","description":"The userCount field is the number of app users that are associated with the app.","description_kind":"plain","computed":true}},"description":"App DataSource","description_kind":"markdown"}},"conductorone_app_entitlement":{"version":0,"block":{"attributes":{"alias":{"type":"string","description":"The alias field.","description_kind":"plain","optional":true,"computed":true},"app_id":{"type":"string","description":"The appId field.","description_kind":"plain","optional":true,"computed":true},"app_resource_id":{"type":"string","description":"The appResourceId field.","description_kind":"plain","computed":true},"app_resource_type_id":{"type":"string","description":"The appResourceTypeId field.","description_kind":"plain","computed":true},"certify_policy_id":{"type":"string","description":"The certifyPolicyId is the ID of the policy that will be used for access review certify tasks.","description_kind":"plain","computed":true},"compliance_framework_value_ids":{"type":["list","string"],"description":"ComplianceFrameworkValueIds is a list of ComplianceFramework attributes that are set on the app entitlement.","description_kind":"plain","computed":true},"created_at":{"type":"string","description_kind":"plain","computed":true},"deleted_at":{"type":"string","description_kind":"plain","computed":true},"description":{"type":"string","description":"The description field.","description_kind":"plain","computed":true},"display_name":{"type":"string","description":"The displayName field.","description_kind":"plain","computed":true},"duration_grant":{"type":"string","description_kind":"plain","computed":true},"duration_unset":{"nested_type":{"nesting_mode":"single"},"description_kind":"plain","computed":true},"emergency_grant_enabled":{"type":"bool","description":"The emergencyGrantEnabled field determines whether or not this entitlement has an emergency grant policy.","description_kind":"plain","computed":true},"emergency_grant_policy_id":{"type":"string","description":"The emergencyGrantPolicyId field is the ID of the grant policy that will be used for emergency grant tasks. \n\t\t\t\tTo set this field, emergencyGrantEnabled must be set to true.","description_kind":"plain","computed":true},"grant_policy_id":{"type":"string","description":"The grantPolicyId field is the policy that will be used for access request grant tasks.","description_kind":"plain","computed":true},"id":{"type":"string","description":"The id field.","description_kind":"plain","optional":true,"computed":true},"provision_policy":{"nested_type":{"attributes":{"connector_provision":{"nested_type":{"nesting_mode":"single"},"description":"The ConnectorProvision message.","description_kind":"plain","computed":true},"delegated_provision":{"nested_type":{"attributes":{"app_id":{"type":"string","description":"The appId field.","description_kind":"plain","computed":true},"entitlement_id":{"type":"string","description":"The entitlementId field.","description_kind":"plain","computed":true}},"nesting_mode":"single"},"description":"The DelegatedProvision message.","description_kind":"plain","computed":true},"manual_provision":{"nested_type":{"attributes":{"instructions":{"type":"string","description":"The instructions field.","description_kind":"plain","computed":true},"user_ids":{"type":["list","string"],"description":"The userIds field.","description_kind":"plain","computed":true}},"nesting_mode":"single"},"description":"The ManualProvision message.","description_kind":"plain","computed":true}},"nesting_mode":"single"},"description":"The ProvisionPolicy message is the Provision strategy that will be used for granting access for this entitlement.\nThis message contains a oneof. Only a single field of the following list may be set at a time:\n  - connector\n  - manual\n  - delegated\n\n","description_kind":"markdown","computed":true},"revoke_policy_id":{"type":"string","description":"The revokePolicyId field is the ID of the policy that will be used for revoke access tasks.","description_kind":"plain","computed":true},"risk_level_value_id":{"type":"string","description":"The riskLevelValueId field is the ID of the risk level attribute value that will be set on the app entitlement.","description_kind":"plain","computed":true},"slug":{"type":"string","description":"The slug field.","description_kind":"plain","computed":true},"updated_at":{"type":"string","description_kind":"plain","computed":true}},"description":"AppEntitlement Datasource","description_kind":"markdown"}},"conductorone_compliance_framework":{"version":0,"block":{"attributes":{"attribute_type_id":{"type":"string","description":"The attributeTypeId field.","description_kind":"plain","computed":true},"created_at":{"type":"string","description_kind":"plain","computed":true},"deleted_at":{"type":"string","description_kind":"plain","computed":true},"id":{"type":"string","description":"The id field.","description_kind":"plain","optional":true,"computed":true},"updated_at":{"type":"string","description_kind":"plain","computed":true},"value":{"type":"string","description":"The value field is the value of the attribute. In this case it is the name of the Compliance Framework (e.g. SOC2, HIPAA, etc.).","description_kind":"plain","optional":true,"computed":true}},"description":"Compliance Framework Resource","description_kind":"markdown"}},"conductorone_policy":{"version":0,"block":{"attributes":{"created_at":{"type":"string","description_kind":"plain","computed":true},"deleted_at":{"type":"string","description_kind":"plain","computed":true},"description":{"type":"string","description":"The description field.","description_kind":"plain","computed":true},"display_name":{"type":"string","description":"The displayName field.","description_kind":"plain","optional":true,"computed":true},"id":{"type":"string","description":"The id field.","description_kind":"plain","optional":true,"computed":true},"policy_steps":{"nested_type":{"attributes":{"steps":{"nested_type":{"attributes":{"approval":{"nested_type":{"attributes":{"allow_reassignment":{"type":"bool","description":"The allowReassignment field.","description_kind":"plain","computed":true},"app_group_approval":{"nested_type":{"attributes":{"allow_self_approval":{"type":"bool","description":"The allowSelfApproval field.","description_kind":"plain","computed":true},"app_group_id":{"type":"string","description":"The appGroupId field.","description_kind":"plain","computed":true},"app_id":{"type":"string","description":"The appId field.","description_kind":"plain","computed":true},"fallback":{"type":"bool","description":"The fallback field.","description_kind":"plain","computed":true},"fallback_user_ids":{"type":["list","string"],"description":"The fallbackUserIds field.","description_kind":"plain","computed":true}},"nesting_mode":"single"},"description":"The AppGroupApproval message.","description_kind":"plain","computed":true},"app_owner_approval":{"nested_type":{"attributes":{"allow_self_approval":{"type":"bool","description":" App owner is based on the app id and doesn't need to have self-contained data\n","description_kind":"markdown","computed":true}},"nesting_mode":"single"},"description":"The AppOwnerApproval message.","description_kind":"plain","computed":true},"assigned":{"type":"bool","description":"The assigned field.","description_kind":"plain","computed":true},"entitlement_owner_approval":{"nested_type":{"attributes":{"allow_self_approval":{"type":"bool","description":" Entitlement owner is based on the current entitlement's id and doesn't need to have self-contained data\n","description_kind":"markdown","computed":true},"fallback":{"type":"bool","description":"The fallback field.","description_kind":"plain","computed":true},"fallback_user_ids":{"type":["list","string"],"description":"The fallbackUserIds field.","description_kind":"plain","computed":true}},"nesting_mode":"single"},"description":"The EntitlementOwnerApproval message.","description_kind":"plain","computed":true},"manager_approval":{"nested_type":{"attributes":{"allow_self_approval":{"type":"bool","description":"The allowSelfApproval field.","description_kind":"plain","computed":true},"assigned_user_ids":{"type":["list","string"],"description":"The assignedUserIds field.","description_kind":"plain","computed":true},"fallback":{"type":"bool","description":"The fallback field.","description_kind":"plain","computed":true},"fallback_user_ids":{"type":["list","string"],"description":"The fallbackUserIds field.","description_kind":"plain","computed":true}},"nesting_mode":"single"},"description":"The ManagerApproval message.","description_kind":"plain","computed":true},"require_approval_reason":{"type":"bool","description":"The requireApprovalReason field.","description_kind":"plain","computed":true},"require_reassignment_reason":{"type":"bool","description":"The requireReassignmentReason field.","description_kind":"plain","computed":true},"self_approval":{"nested_type":{"attributes":{"assigned_user_ids":{"type":["list","string"],"description":"The assignedUserIds field.","description_kind":"plain","computed":true},"fallback":{"type":"bool","description":"The fallback field.","description_kind":"plain","computed":true},"fallback_user_ids":{"type":["list","string"],"description":" Self approval is the target of the ticket\n","description_kind":"markdown","computed":true}},"nesting_mode":"single"},"description":"The SelfApproval message.","description_kind":"plain","computed":true},"user_approval":{"nested_type":{"attributes":{"allow_self_approval":{"type":"bool","description":"The allowSelfApproval field.","description_kind":"plain","computed":true},"user_ids":{"type":["list","string"],"description":"The userIds field.","description_kind":"plain","computed":true}},"nesting_mode":"single"},"description":"The UserApproval message.","description_kind":"plain","computed":true}},"nesting_mode":"single"},"description":"The Approval field is used to define who should perform the review.\nThis message contains a oneof. Only a single field of the following list may be set at a time:\n  - users\n  - manager\n  - appOwners\n  - group\n  - self\n  - entitlementOwners\n\n","description_kind":"markdown","computed":true},"provision":{"nested_type":{"attributes":{"assigned":{"type":"bool","description":"The assigned field.","description_kind":"plain","computed":true},"provision_policy":{"nested_type":{"attributes":{"connector_provision":{"nested_type":{"nesting_mode":"single"},"description":"The ConnectorProvision message.","description_kind":"plain","computed":true},"delegated_provision":{"nested_type":{"attributes":{"app_id":{"type":"string","description":"The appId field.","description_kind":"plain","computed":true},"entitlement_id":{"type":"string","description":"The entitlementId field.","description_kind":"plain","computed":true}},"nesting_mode":"single"},"description":"The DelegatedProvision message.","description_kind":"plain","computed":true},"manual_provision":{"nested_type":{"attributes":{"instructions":{"type":"string","description":"The instructions field.","description_kind":"plain","computed":true},"user_ids":{"type":["list","string"],"description":"The userIds field.","description_kind":"plain","computed":true}},"nesting_mode":"single"},"description":"The ManualProvision message.","description_kind":"plain","computed":true}},"nesting_mode":"single"},"description":"The ProvisionPolicy message.\nThis message contains a oneof. Only a single field of the following list may be set at a time:\n  - connector\n  - manual\n  - delegated\n\n","description_kind":"markdown","computed":true}},"nesting_mode":"single"},"description":"The Provision message.","description_kind":"plain","computed":true}},"nesting_mode":"list"},"description":"The steps field.","description_kind":"plain","computed":true}},"nesting_mode":"map"},"description":"The policySteps field.","description_kind":"plain","computed":true},"policy_type":{"type":"string","description":"must be one of [POLICY_TYPE_UNSPECIFIED, POLICY_TYPE_GRANT, POLICY_TYPE_REVOKE, POLICY_TYPE_CERTIFY, POLICY_TYPE_ACCESS_REQUEST, POLICY_TYPE_PROVISION]\nThe policyType field.","description_kind":"markdown","computed":true},"post_actions":{"nested_type":{"attributes":{"certify_remediate_immediately":{"type":"bool","description":" ONLY valid when used in a CERTIFY Ticket Type:\n Causes any deprovision or change in a grant to be applied when Certify Ticket is closed.\nSee the documentation for `c1.api.policy.v1.PolicyPostActions` for more details.","description_kind":"markdown","computed":true}},"nesting_mode":"list"},"description":"The postActions field.","description_kind":"plain","computed":true},"reassign_tasks_to_delegates":{"type":"bool","description":"The reassignTasksToDelegates field.","description_kind":"plain","computed":true},"system_builtin":{"type":"bool","description":"The systemBuiltin field.","description_kind":"plain","computed":true},"updated_at":{"type":"string","description_kind":"plain","computed":true}},"description":"Policy DataSource","description_kind":"markdown"}},"conductorone_risk_level":{"version":0,"block":{"attributes":{"attribute_type_id":{"type":"string","description":"The attributeTypeId field.","description_kind":"plain","computed":true},"created_at":{"type":"string","description_kind":"plain","computed":true},"deleted_at":{"type":"string","description_kind":"plain","computed":true},"id":{"type":"string","description":"The id field.","description_kind":"plain","optional":true,"computed":true},"updated_at":{"type":"string","description_kind":"plain","computed":true},"value":{"type":"string","description":"The value field is the value of the attribute. In this case it is the name of the Risk Level (e.g. High, Low, etc.).","description_kind":"plain","optional":true,"computed":true}},"description":"Risk Level Resource","description_kind":"markdown"}},"conductorone_user":{"version":0,"block":{"attributes":{"created_at":{"type":"string","description_kind":"plain","computed":true},"delegated_user_id":{"type":"string","description":"The delegatedUserId field.","description_kind":"plain","computed":true},"deleted_at":{"type":"string","description_kind":"plain","computed":true},"department":{"type":"string","description":"The department field.","description_kind":"plain","computed":true},"department_sources":{"nested_type":{"attributes":{"app_id":{"type":"string","description":"The appId field.","description_kind":"plain","computed":true},"app_user_id":{"type":"string","description":"The appUserId field.","description_kind":"plain","computed":true},"app_user_profile_attribute_key":{"type":"string","description":"The appUserProfileAttributeKey field.","description_kind":"plain","computed":true},"user_attribute_mapping_id":{"type":"string","description":"The userAttributeMappingId field.","description_kind":"plain","computed":true},"value":{"type":"string","description":"The value field.","description_kind":"plain","computed":true}},"nesting_mode":"list"},"description":"The departmentSources field.","description_kind":"plain","computed":true},"directory_ids":{"type":["list","string"],"description":"The directoryIds field.","description_kind":"plain","computed":true},"directory_status":{"type":"string","description":"must be one of [UNKNOWN, ENABLED, DISABLED, DELETED]\nThe directoryStatus field.","description_kind":"markdown","computed":true},"directory_status_sources":{"nested_type":{"attributes":{"app_id":{"type":"string","description":"The appId field.","description_kind":"plain","computed":true},"app_user_id":{"type":"string","description":"The appUserId field.","description_kind":"plain","computed":true},"app_user_profile_attribute_key":{"type":"string","description":"The appUserProfileAttributeKey field.","description_kind":"plain","computed":true},"user_attribute_mapping_id":{"type":"string","description":"The userAttributeMappingId field.","description_kind":"plain","computed":true},"value":{"type":"string","description":"The value field.","description_kind":"plain","computed":true}},"nesting_mode":"list"},"description":"The directoryStatusSources field.","description_kind":"plain","computed":true},"display_name":{"type":"string","description":"The displayName field.","description_kind":"plain","computed":true},"email":{"type":"string","description":"The email field.","description_kind":"plain","optional":true,"computed":true},"employment_status":{"type":"string","description":"The employmentStatus field.","description_kind":"plain","computed":true},"employment_status_sources":{"nested_type":{"attributes":{"app_id":{"type":"string","description":"The appId field.","description_kind":"plain","computed":true},"app_user_id":{"type":"string","description":"The appUserId field.","description_kind":"plain","computed":true},"app_user_profile_attribute_key":{"type":"string","description":"The appUserProfileAttributeKey field.","description_kind":"plain","computed":true},"user_attribute_mapping_id":{"type":"string","description":"The userAttributeMappingId field.","description_kind":"plain","computed":true},"value":{"type":"string","description":"The value field.","description_kind":"plain","computed":true}},"nesting_mode":"list"},"description":"The employmentStatusSources field.","description_kind":"plain","computed":true},"employment_type":{"type":"string","description":"The employmentType field.","description_kind":"plain","computed":true},"employment_type_sources":{"nested_type":{"attributes":{"app_id":{"type":"string","description":"The appId field.","description_kind":"plain","computed":true},"app_user_id":{"type":"string","description":"The appUserId field.","description_kind":"plain","computed":true},"app_user_profile_attribute_key":{"type":"string","description":"The appUserProfileAttributeKey field.","description_kind":"plain","computed":true},"user_attribute_mapping_id":{"type":"string","description":"The userAttributeMappingId field.","description_kind":"plain","computed":true},"value":{"type":"string","description":"The value field.","description_kind":"plain","computed":true}},"nesting_mode":"list"},"description":"The employmentTypeSources field.","description_kind":"plain","computed":true},"id":{"type":"string","description":"The id field.","description_kind":"plain","optional":true,"computed":true},"job_title":{"type":"string","description":"The jobTitle field.","description_kind":"plain","computed":true},"job_title_sources":{"nested_type":{"attributes":{"app_id":{"type":"string","description":"The appId field.","description_kind":"plain","computed":true},"app_user_id":{"type":"string","description":"The appUserId field.","description_kind":"plain","computed":true},"app_user_profile_attribute_key":{"type":"string","description":"The appUserProfileAttributeKey field.","description_kind":"plain","computed":true},"user_attribute_mapping_id":{"type":"string","description":"The userAttributeMappingId field.","description_kind":"plain","computed":true},"value":{"type":"string","description":"The value field.","description_kind":"plain","computed":true}},"nesting_mode":"list"},"description":"The jobTitleSources field.","description_kind":"plain","computed":true},"manager_ids":{"type":["list","string"],"description":"The managerIds field.","description_kind":"plain","computed":true},"manager_sources":{"nested_type":{"attributes":{"app_id":{"type":"string","description":"The appId field.","description_kind":"plain","computed":true},"app_user_id":{"type":"string","description":"The appUserId field.","description_kind":"plain","computed":true},"app_user_profile_attribute_key":{"type":"string","description":"The appUserProfileAttributeKey field.","description_kind":"plain","computed":true},"user_attribute_mapping_id":{"type":"string","description":"The userAttributeMappingId field.","description_kind":"plain","computed":true},"value":{"type":"string","description":"The value field.","description_kind":"plain","computed":true}},"nesting_mode":"list"},"description":"The managerSources field.","description_kind":"plain","computed":true},"role_ids":{"type":["list","string"],"description":"The roleIds field.","description_kind":"plain","computed":true},"status":{"type":"string","description":"must be one of [UNKNOWN, ENABLED, DISABLED, DELETED]\nThe status field.","description_kind":"markdown","computed":true},"updated_at":{"type":"string","description_kind":"plain","computed":true}},"description":"App DataSource","description_kind":"markdown"}}}}}}
